
Microsoft Visual Studio Solution File, Format Version 12.00
# Visual Studio Version 17
VisualStudioVersion = 17.2.32630.192
MinimumVisualStudioVersion = 10.0.40219.1
Project("{9A19103F-16F7-4668-BE54-9A1E7A4F7556}") = "SamuraiAPI", "SamuraiAPI\SamuraiAPI.csproj", "{FD822444-655E-4FB1-8A95-51CC00E1C3EE}"
EndProject
Project("{FAE04EC0-301F-11D3-BF4B-00C04F79EFBC}") = "SamuraiAPI.Data", "SamuraiAPI.Data\SamuraiAPI.Data.csproj", "{C4E8B163-1010-4894-B7B7-50F8F735F332}"
EndProject
Project("{FAE04EC0-301F-11D3-BF4B-00C04F79EFBC}") = "SamuraiAPI.Domain", "SamuraiAPI.Domain\SamuraiAPI.Domain.csproj", "{23590637-3ECF-44D7-9391-CEBFEA23C6CF}"
EndProject
Global
	GlobalSection(SolutionConfigurationPlatforms) = preSolution
		Debug|Any CPU = Debug|Any CPU
		Release|Any CPU = Release|Any CPU
	EndGlobalSection
	GlobalSection(ProjectConfigurationPlatforms) = postSolution
		{FD822444-655E-4FB1-8A95-51CC00E1C3EE}.Debug|Any CPU.ActiveCfg = Debug|Any CPU
		{FD822444-655E-4FB1-8A95-51CC00E1C3EE}.Debug|Any CPU.Build.0 = Debug|Any CPU
		{FD822444-655E-4FB1-8A95-51CC00E1C3EE}.Release|Any CPU.ActiveCfg = Release|Any CPU
		{FD822444-655E-4FB1-8A95-51CC00E1C3EE}.Release|Any CPU.Build.0 = Release|Any CPU
		{C4E8B163-1010-4894-B7B7-50F8F735F332}.Debug|Any CPU.ActiveCfg = Debug|Any CPU
		{C4E8B163-1010-4894-B7B7-50F8F735F332}.Debug|Any CPU.Build.0 = Debug|Any CPU
		{C4E8B163-1010-4894-B7B7-50F8F735F332}.Release|Any CPU.ActiveCfg = Release|Any CPU
		{C4E8B163-1010-4894-B7B7-50F8F735F332}.Release|Any CPU.Build.0 = Release|Any CPU
		{23590637-3ECF-44D7-9391-CEBFEA23C6CF}.Debug|Any CPU.ActiveCfg = Debug|Any CPU
		{23590637-3ECF-44D7-9391-CEBFEA23C6CF}.Debug|Any CPU.Build.0 = Debug|Any CPU
		{23590637-3ECF-44D7-9391-CEBFEA23C6CF}.Release|Any CPU.ActiveCfg = Release|Any CPU
		{23590637-3ECF-44D7-9391-CEBFEA23C6CF}.Release|Any CPU.Build.0 = Release|Any CPU
	EndGlobalSection
	GlobalSection(SolutionProperties) = preSolution
		HideSolutionNode = FALSE
	EndGlobalSection
	GlobalSection(ExtensibilityGlobals) = postSolution
		SolutionGuid = {EBCEEFEC-7C8A-4E2A-A8BF-652F2DA767FB}
	EndGlobalSection
EndGlobal
